<?xml version="1.0" encoding="utf-8"?>
<Project ToolsVersion="4.0" xmlns="http://schemas.microsoft.com/developer/msbuild/2003">
  <ItemGroup>
    <Filter Include="Source Files">
      <UniqueIdentifier>{4FC737F1-C7A5-4376-A066-2A32D752A2FF}</UniqueIdentifier>
      <Extensions>cpp;c;cc;cxx;c++;cppm;ixx;def;odl;idl;hpj;bat;asm;asmx</Extensions>
    </Filter>
    <Filter Include="Header Files">
      <UniqueIdentifier>{93995380-89BD-4b04-88EB-625FBE52EBFB}</UniqueIdentifier>
      <Extensions>h;hh;hpp;hxx;h++;hm;inl;inc;ipp;xsd</Extensions>
    </Filter>
    <Filter Include="Resource Files">
      <UniqueIdentifier>{67DA6AB6-F800-4c08-8B7A-83BB121AAD01}</UniqueIdentifier>
      <Extensions>rc;ico;cur;bmp;dlg;rc2;rct;bin;rgs;gif;jpg;jpeg;jpe;resx;tiff;tif;png;wav;mfcribbon-ms</Extensions>
    </Filter>
    <Filter Include="Source Files\Utils">
      <UniqueIdentifier>{b5a717ea-7a17-429b-917e-4b7b441acf1e}</UniqueIdentifier>
    </Filter>
    <Filter Include="Source Files\MassSpring">
      <UniqueIdentifier>{bf341b6d-806a-4b2d-a642-e3ba521685ac}</UniqueIdentifier>
    </Filter>
    <Filter Include="Source Files\Core">
      <UniqueIdentifier>{b557930b-4f21-4048-9027-363becbc50e0}</UniqueIdentifier>
    </Filter>
    <Filter Include="Header Files\MassSpring">
      <UniqueIdentifier>{7eeb765c-6f43-43b6-9279-10207a288a1b}</UniqueIdentifier>
    </Filter>
    <Filter Include="Header Files\Core">
      <UniqueIdentifier>{7f13b120-367f-4461-ac15-1905a4842b42}</UniqueIdentifier>
    </Filter>
    <Filter Include="Header Files\Utils">
      <UniqueIdentifier>{a1794b90-b3a1-4410-a7ea-0b764cd3b0e0}</UniqueIdentifier>
    </Filter>
  </ItemGroup>
  <ItemGroup>
    <ClInclude Include="framework.h">
      <Filter>Header Files</Filter>
    </ClInclude>
    <ClInclude Include="pch.h">
      <Filter>Header Files</Filter>
    </ClInclude>
    <ClInclude Include="dllmain.h">
      <Filter>Header Files</Filter>
    </ClInclude>
    <ClInclude Include="DebugHelper.h">
      <Filter>Header Files\Utils</Filter>
    </ClInclude>
    <ClInclude Include="Face.h">
      <Filter>Header Files\MassSpring</Filter>
    </ClInclude>
    <ClInclude Include="Fixer.h">
      <Filter>Header Files\MassSpring</Filter>
    </ClInclude>
    <ClInclude Include="Node.h">
      <Filter>Header Files\MassSpring</Filter>
    </ClInclude>
    <ClInclude Include="Spring.h">
      <Filter>Header Files\MassSpring</Filter>
    </ClInclude>
    <ClInclude Include="Collider.h">
      <Filter>Header Files\Core</Filter>
    </ClInclude>
    <ClInclude Include="Object.h">
      <Filter>Header Files\Core</Filter>
    </ClInclude>
    <ClInclude Include="PhysicsManager.h">
      <Filter>Header Files\Core</Filter>
    </ClInclude>
    <ClInclude Include="Types.h">
      <Filter>Header Files\Utils</Filter>
    </ClInclude>
  </ItemGroup>
  <ItemGroup>
    <ClCompile Include="dllmain.cpp">
      <Filter>Source Files</Filter>
    </ClCompile>
    <ClCompile Include="pch.cpp">
      <Filter>Source Files</Filter>
    </ClCompile>
    <ClCompile Include="DebugHelper.cpp">
      <Filter>Source Files\Utils</Filter>
    </ClCompile>
    <ClCompile Include="Face.cpp">
      <Filter>Source Files\MassSpring</Filter>
    </ClCompile>
    <ClCompile Include="Node.cpp">
      <Filter>Source Files\MassSpring</Filter>
    </ClCompile>
    <ClCompile Include="Spring.cpp">
      <Filter>Source Files\MassSpring</Filter>
    </ClCompile>
    <ClCompile Include="Fixer.cpp">
      <Filter>Source Files\MassSpring</Filter>
    </ClCompile>
    <ClCompile Include="Collider.cpp">
      <Filter>Source Files\Core</Filter>
    </ClCompile>
    <ClCompile Include="Object.cpp">
      <Filter>Source Files\Core</Filter>
    </ClCompile>
    <ClCompile Include="PhysicsManager.cpp">
      <Filter>Source Files\Core</Filter>
    </ClCompile>
  </ItemGroup>
  <ItemGroup>
    <None Include="packages.config" />
  </ItemGroup>
</Project>